
Microsoft Visual Studio Solution File, Format Version 12.00
# Visual Studio 15
Project("{FAE04EC0-301F-11D3-BF4B-00C04F79EFBC}") = "Assembly-CSharp", "Assembly-CSharp.csproj", "{1360051A-065E-78F7-B17B-F8928C19626E}"
EndProject
Project("{FAE04EC0-301F-11D3-BF4B-00C04F79EFBC}") = "Assembly-CSharp", "Assembly-CSharp.Player.csproj", "{76D11B98-D0D3-71C5-C098-F92AE13A9441}"
EndProject
Global
	GlobalSection(SolutionConfigurationPlatforms) = preSolution
		Debug|Any CPU = Debug|Any CPU
		Release|Any CPU = Release|Any CPU
	EndGlobalSection
	GlobalSection(ProjectConfigurationPlatforms) = postSolution
		{1360051A-065E-78F7-B17B-F8928C19626E}.Debug|Any CPU.ActiveCfg = Debug|Any CPU
		{1360051A-065E-78F7-B17B-F8928C19626E}.Debug|Any CPU.Build.0 = Debug|Any CPU
		{1360051A-065E-78F7-B17B-F8928C19626E}.Release|Any CPU.ActiveCfg = Release|Any CPU
		{1360051A-065E-78F7-B17B-F8928C19626E}.Release|Any CPU.Build.0 = Release|Any CPU
		{76D11B98-D0D3-71C5-C098-F92AE13A9441}.Debug|Any CPU.ActiveCfg = Debug|Any CPU
		{76D11B98-D0D3-71C5-C098-F92AE13A9441}.Debug|Any CPU.Build.0 = Debug|Any CPU
		{76D11B98-D0D3-71C5-C098-F92AE13A9441}.Release|Any CPU.ActiveCfg = Release|Any CPU
		{76D11B98-D0D3-71C5-C098-F92AE13A9441}.Release|Any CPU.Build.0 = Release|Any CPU
	EndGlobalSection
	GlobalSection(SolutionProperties) = preSolution
		HideSolutionNode = FALSE
	EndGlobalSection
EndGlobal
